PODS:
  - CardStackCollectionViewLayout (0.1.0)

DEPENDENCIES:
  - CardStackCollectionViewLayout (from `../`)

EXTERNAL SOURCES:
  CardStackCollectionViewLayout:
    :path: "../"

SPEC CHECKSUMS:
  CardStackCollectionViewLayout: eb23127f0225418dd7e40e7f4c9d41ba015ee35c

PODFILE CHECKSUM: 044e985aa9e19304d929d35d01389e9db9f91219

COCOAPODS: 1.7.5
